
Microsoft Visual Studio Solution File, Format Version 12.00
# Visual Studio Version 17
VisualStudioVersion = 17.7.34221.43
MinimumVisualStudioVersion = 10.0.40219.1
Project("{888888A0-9F3D-457C-B088-3A5042F75D52}") = "PoultryHelperWeb", "PoultryHelperWeb.pyproj", "{0DF6DD72-5992-4DB7-8BD1-3872C034417F}"
EndProject
Global
	GlobalSection(SolutionConfigurationPlatforms) = preSolution
		Debug|Any CPU = Debug|Any CPU
		Release|Any CPU = Release|Any CPU
	EndGlobalSection
	GlobalSection(ProjectConfigurationPlatforms) = postSolution
		{0DF6DD72-5992-4DB7-8BD1-3872C034417F}.Debug|Any CPU.ActiveCfg = Debug|Any CPU
		{0DF6DD72-5992-4DB7-8BD1-3872C034417F}.Debug|Any CPU.Build.0 = Debug|Any CPU
		{0DF6DD72-5992-4DB7-8BD1-3872C034417F}.Release|Any CPU.ActiveCfg = Release|Any CPU
		{0DF6DD72-5992-4DB7-8BD1-3872C034417F}.Release|Any CPU.Build.0 = Release|Any CPU
	EndGlobalSection
	GlobalSection(SolutionProperties) = preSolution
		HideSolutionNode = FALSE
	EndGlobalSection
	GlobalSection(ExtensibilityGlobals) = postSolution
		SolutionGuid = {6AA347D5-BE41-4CD2-B8C2-F472036971CE}
	EndGlobalSection
EndGlobal
